
Microsoft Visual Studio Solution File, Format Version 12.00
# Visual Studio Version 16
VisualStudioVersion = 16.0.29613.14
MinimumVisualStudioVersion = 10.0.40219.1
Project("{9A19103F-16F7-4668-BE54-9A1E7A4F7556}") = "Elyon.Fastly.EmailJob", "src\Elyon.Fastly.EmailJob\Elyon.Fastly.EmailJob.csproj", "{C585D060-2B5B-4D63-BB16-C8F3EBE1714B}"
EndProject
Project("{9A19103F-16F7-4668-BE54-9A1E7A4F7556}") = "Elyon.Fastly.EmailJob.Tests", "tests\Elyon.Fastly.EmailJob.Tests\Elyon.Fastly.EmailJob.Tests.csproj", "{77EB6F70-E90F-413E-B460-ADE37FC8E40F}"
EndProject
Project("{2150E333-8FDC-42A3-9474-1A3956D46DE8}") = "5. Hosts", "5. Hosts", "{F8E7BABD-4C0C-440E-A274-932536014D45}"
EndProject
Project("{2150E333-8FDC-42A3-9474-1A3956D46DE8}") = "4. Tests", "4. Tests", "{D8D2F0E8-DAE1-492F-BB0B-9D6BC50E2111}"
EndProject
Project("{2150E333-8FDC-42A3-9474-1A3956D46DE8}") = "3. Client", "3. Client", "{D017B7B7-83DF-4484-BDF4-7699A961FE22}"
EndProject
Project("{9A19103F-16F7-4668-BE54-9A1E7A4F7556}") = "Elyon.Fastly.EmailJob.RestClient", "client\Elyon.Fastly.EmailJob.RestClient\Elyon.Fastly.EmailJob.RestClient.csproj", "{E4104BCB-0F02-47D0-9F02-FE097C76D1C4}"
EndProject
Project("{2150E333-8FDC-42A3-9474-1A3956D46DE8}") = "1. Domain", "1. Domain", "{C0570505-130A-4370-B545-CB4577A09156}"
EndProject
Project("{2150E333-8FDC-42A3-9474-1A3956D46DE8}") = "2. Repositories", "2. Repositories", "{93834EE4-B7D8-42C2-A00B-AFE666703B78}"
EndProject
Project("{9A19103F-16F7-4668-BE54-9A1E7A4F7556}") = "Elyon.Fastly.EmailJob.Domain", "src\Elyon.Fastly.EmailJob.Domain\Elyon.Fastly.EmailJob.Domain.csproj", "{6FE9889F-88D3-4317-BE37-661826A523EA}"
EndProject
Project("{9A19103F-16F7-4668-BE54-9A1E7A4F7556}") = "Elyon.Fastly.EmailJob.DomainServices", "src\Elyon.Fastly.EmailJob.DomainServices\Elyon.Fastly.EmailJob.DomainServices.csproj", "{F261C5FE-3065-4AC6-9405-723B2A2C77CC}"
EndProject
Project("{2150E333-8FDC-42A3-9474-1A3956D46DE8}") = "0. Solution Items", "0. Solution Items", "{D5F70CCF-9D50-478E-872F-35E2AB904DD4}"
	ProjectSection(SolutionItems) = preProject
		.editorconfig = .editorconfig
		.gitignore = .gitignore
		Dockerfile = Dockerfile
		README.md = README.md
		Elyon.Fastly.EmailJob.sln.licenseheader = Elyon.Fastly.EmailJob.sln.licenseheader
		LICENSE.md = LICENSE.md
	EndProjectSection
EndProject
Project("{9A19103F-16F7-4668-BE54-9A1E7A4F7556}") = "Elyon.Fastly.EmailJob.PostgresRepositories", "src\Elyon.Fastly.EmailJob.PostgresRepositories\Elyon.Fastly.EmailJob.PostgresRepositories.csproj", "{6725DE88-A5E8-434B-8B21-46D2361FDD1F}"
EndProject
Global
	GlobalSection(SolutionConfigurationPlatforms) = preSolution
		Debug|Any CPU = Debug|Any CPU
		Release|Any CPU = Release|Any CPU
	EndGlobalSection
	GlobalSection(ProjectConfigurationPlatforms) = postSolution
		{C585D060-2B5B-4D63-BB16-C8F3EBE1714B}.Debug|Any CPU.ActiveCfg = Debug|Any CPU
		{C585D060-2B5B-4D63-BB16-C8F3EBE1714B}.Debug|Any CPU.Build.0 = Debug|Any CPU
		{C585D060-2B5B-4D63-BB16-C8F3EBE1714B}.Release|Any CPU.ActiveCfg = Release|Any CPU
		{C585D060-2B5B-4D63-BB16-C8F3EBE1714B}.Release|Any CPU.Build.0 = Release|Any CPU
		{77EB6F70-E90F-413E-B460-ADE37FC8E40F}.Debug|Any CPU.ActiveCfg = Debug|Any CPU
		{77EB6F70-E90F-413E-B460-ADE37FC8E40F}.Debug|Any CPU.Build.0 = Debug|Any CPU
		{77EB6F70-E90F-413E-B460-ADE37FC8E40F}.Release|Any CPU.ActiveCfg = Release|Any CPU
		{77EB6F70-E90F-413E-B460-ADE37FC8E40F}.Release|Any CPU.Build.0 = Release|Any CPU
		{E4104BCB-0F02-47D0-9F02-FE097C76D1C4}.Debug|Any CPU.ActiveCfg = Debug|Any CPU
		{E4104BCB-0F02-47D0-9F02-FE097C76D1C4}.Debug|Any CPU.Build.0 = Debug|Any CPU
		{E4104BCB-0F02-47D0-9F02-FE097C76D1C4}.Release|Any CPU.ActiveCfg = Release|Any CPU
		{E4104BCB-0F02-47D0-9F02-FE097C76D1C4}.Release|Any CPU.Build.0 = Release|Any CPU
		{6FE9889F-88D3-4317-BE37-661826A523EA}.Debug|Any CPU.ActiveCfg = Debug|Any CPU
		{6FE9889F-88D3-4317-BE37-661826A523EA}.Debug|Any CPU.Build.0 = Debug|Any CPU
		{6FE9889F-88D3-4317-BE37-661826A523EA}.Release|Any CPU.ActiveCfg = Release|Any CPU
		{6FE9889F-88D3-4317-BE37-661826A523EA}.Release|Any CPU.Build.0 = Release|Any CPU
		{F261C5FE-3065-4AC6-9405-723B2A2C77CC}.Debug|Any CPU.ActiveCfg = Debug|Any CPU
		{F261C5FE-3065-4AC6-9405-723B2A2C77CC}.Debug|Any CPU.Build.0 = Debug|Any CPU
		{F261C5FE-3065-4AC6-9405-723B2A2C77CC}.Release|Any CPU.ActiveCfg = Release|Any CPU
		{F261C5FE-3065-4AC6-9405-723B2A2C77CC}.Release|Any CPU.Build.0 = Release|Any CPU
		{6725DE88-A5E8-434B-8B21-46D2361FDD1F}.Debug|Any CPU.ActiveCfg = Debug|Any CPU
		{6725DE88-A5E8-434B-8B21-46D2361FDD1F}.Debug|Any CPU.Build.0 = Debug|Any CPU
		{6725DE88-A5E8-434B-8B21-46D2361FDD1F}.Release|Any CPU.ActiveCfg = Release|Any CPU
		{6725DE88-A5E8-434B-8B21-46D2361FDD1F}.Release|Any CPU.Build.0 = Release|Any CPU
	EndGlobalSection
	GlobalSection(SolutionProperties) = preSolution
		HideSolutionNode = FALSE
	EndGlobalSection
	GlobalSection(NestedProjects) = preSolution
		{C585D060-2B5B-4D63-BB16-C8F3EBE1714B} = {F8E7BABD-4C0C-440E-A274-932536014D45}
		{77EB6F70-E90F-413E-B460-ADE37FC8E40F} = {D8D2F0E8-DAE1-492F-BB0B-9D6BC50E2111}
		{E4104BCB-0F02-47D0-9F02-FE097C76D1C4} = {D017B7B7-83DF-4484-BDF4-7699A961FE22}
		{6FE9889F-88D3-4317-BE37-661826A523EA} = {C0570505-130A-4370-B545-CB4577A09156}
		{F261C5FE-3065-4AC6-9405-723B2A2C77CC} = {C0570505-130A-4370-B545-CB4577A09156}
		{6725DE88-A5E8-434B-8B21-46D2361FDD1F} = {93834EE4-B7D8-42C2-A00B-AFE666703B78}
	EndGlobalSection
	GlobalSection(ExtensibilityGlobals) = postSolution
		SolutionGuid = {713D2103-AFA8-468B-BD66-5A335C73D1E1}
	EndGlobalSection
EndGlobal
